Microsoft Visual Studio Solution File, Format Version 11.00
# Visual Studio 2008

Project("{EF4211D3-2942-AAA9-53B5-2761A3ED38CD}") = "Protoment", "Assembly-CSharp.csproj", "{98B72CDA-0332-41DA-A94D-9E87752D8C8F}"
EndProject
Global
	GlobalSection(SolutionConfigurationPlatforms) = preSolution
		Debug|Any CPU = Debug|Any CPU
		Release|Any CPU = Release|Any CPU
	EndGlobalSection
	GlobalSection(ProjectConfigurationPlatforms) = postSolution
		{98B72CDA-0332-41DA-A94D-9E87752D8C8F}.Debug|Any CPU.ActiveCfg = Debug|Any CPU
		{98B72CDA-0332-41DA-A94D-9E87752D8C8F}.Debug|Any CPU.Build.0 = Debug|Any CPU
		{98B72CDA-0332-41DA-A94D-9E87752D8C8F}.Release|Any CPU.ActiveCfg = Release|Any CPU
		{98B72CDA-0332-41DA-A94D-9E87752D8C8F}.Release|Any CPU.Build.0 = Release|Any CPU
	EndGlobalSection
	GlobalSection(SolutionProperties) = preSolution
		HideSolutionNode = FALSE
	EndGlobalSection
	GlobalSection(MonoDevelopProperties) = preSolution
		StartupItem = Assembly-CSharp.csproj
	EndGlobalSection
EndGlobal
